
Microsoft Visual Studio Solution File, Format Version 12.00
# Visual Studio Version 16
VisualStudioVersion = 16.0.28729.10
MinimumVisualStudioVersion = 10.0.40219.1
Project("{8BC9CEB8-8B4A-11D0-8D11-00A0C91BC942}") = "Chapter 4 Direct3D Initialization", "Chapter 4 Direct3D Initialization\Chapter 4 Direct3D Initialization.vcxproj", "{4E0EAF7C-2F52-4571-95C6-E0C1C388AACB}"
EndProject
Project("{8BC9CEB8-8B4A-11D0-8D11-00A0C91BC942}") = "Chapter 6 Drawing in Direct3D", "Chapter 6 Drawing in Direct3D\Chapter 6 Drawing in Direct3D.vcxproj", "{651FA0AE-D0A6-485F-BC12-B2DC82C26A08}"
EndProject
Project("{8BC9CEB8-8B4A-11D0-8D11-00A0C91BC942}") = "Chapter 7 Drawing in Direct3D Part II", "Chapter 7 Drawing in Direct3D Part II\Chapter 7 Drawing in Direct3D Part II.vcxproj", "{30DD6C52-5B9B-4671-86DC-B33C8C185091}"
EndProject
Project("{8BC9CEB8-8B4A-11D0-8D11-00A0C91BC942}") = "Chapter 8 Lighting", "Chapter 8 Lighting\Chapter 8 Lighting.vcxproj", "{4D2CF6C0-73B7-4304-934E-9FF9024DE343}"
EndProject
Project("{8BC9CEB8-8B4A-11D0-8D11-00A0C91BC942}") = "Chapter 9 Texturing", "Chapter 9 Texturing\Chapter 9 Texturing.vcxproj", "{7B7579B2-E5A1-48D7-839E-4E28C3967990}"
EndProject
Project("{8BC9CEB8-8B4A-11D0-8D11-00A0C91BC942}") = "Chapter 10 Blending", "Chapter 10 Blending\Chapter 10 Blending.vcxproj", "{126E73E3-B93C-4EE5-98D5-6A0A2A132AD4}"
EndProject
Project("{8BC9CEB8-8B4A-11D0-8D11-00A0C91BC942}") = "Chapter 11 Stenciling", "Chapter 11 Stenciling\Chapter 11 Stenciling.vcxproj", "{0D72242D-C42E-4E86-9ED0-040FDF4D3591}"
EndProject
Project("{8BC9CEB8-8B4A-11D0-8D11-00A0C91BC942}") = "Chapter 12 The Geometry Shader", "Chapter 12 The Geometry Shader\Chapter 12 The Geometry Shader.vcxproj", "{A2AA345E-C476-4F68-93FA-3C1896694EAF}"
EndProject
Project("{8BC9CEB8-8B4A-11D0-8D11-00A0C91BC942}") = "Chapter 13 The Compute Shader", "Chapter 13 The Compute Shader\Chapter 13 The Compute Shader.vcxproj", "{8512BCED-E5A5-471A-9C80-B0A5D1A27B84}"
EndProject
Project("{8BC9CEB8-8B4A-11D0-8D11-00A0C91BC942}") = "Chapter 14 The Tessellation Stages", "Chapter 14 The Tessellation Stages\Chapter 14 The Tessellation Stages.vcxproj", "{F8F4C4A2-671E-4D6C-A379-2AFB1BA33651}"
EndProject
Project("{8BC9CEB8-8B4A-11D0-8D11-00A0C91BC942}") = "Chapter 15 First Person Camera and Dynamic Indexing", "Chapter 15 First Person Camera and Dynamic Indexing\Chapter 15 First Person Camera and Dynamic Indexing.vcxproj", "{3F274302-4DA6-4653-BEA7-D8A4B0284FA4}"
EndProject
Project("{8BC9CEB8-8B4A-11D0-8D11-00A0C91BC942}") = "Chapter 16 Instancing and Frustum Culling", "Chapter 16 Instancing and Frustum Culling\Chapter 16 Instancing and Frustum Culling.vcxproj", "{ADD8FADA-5478-4425-904E-BEF51FAFFA77}"
EndProject
Global
	GlobalSection(SolutionConfigurationPlatforms) = preSolution
		Debug|x64 = Debug|x64
		Release|x64 = Release|x64
	EndGlobalSection
	GlobalSection(ProjectConfigurationPlatforms) = postSolution
		{4E0EAF7C-2F52-4571-95C6-E0C1C388AACB}.Debug|x64.ActiveCfg = Debug|x64
		{4E0EAF7C-2F52-4571-95C6-E0C1C388AACB}.Debug|x64.Build.0 = Debug|x64
		{4E0EAF7C-2F52-4571-95C6-E0C1C388AACB}.Release|x64.ActiveCfg = Release|x64
		{4E0EAF7C-2F52-4571-95C6-E0C1C388AACB}.Release|x64.Build.0 = Release|x64
		{651FA0AE-D0A6-485F-BC12-B2DC82C26A08}.Debug|x64.ActiveCfg = Debug|x64
		{651FA0AE-D0A6-485F-BC12-B2DC82C26A08}.Debug|x64.Build.0 = Debug|x64
		{651FA0AE-D0A6-485F-BC12-B2DC82C26A08}.Release|x64.ActiveCfg = Release|x64
		{651FA0AE-D0A6-485F-BC12-B2DC82C26A08}.Release|x64.Build.0 = Release|x64
		{30DD6C52-5B9B-4671-86DC-B33C8C185091}.Debug|x64.ActiveCfg = Debug|x64
		{30DD6C52-5B9B-4671-86DC-B33C8C185091}.Debug|x64.Build.0 = Debug|x64
		{30DD6C52-5B9B-4671-86DC-B33C8C185091}.Release|x64.ActiveCfg = Release|x64
		{30DD6C52-5B9B-4671-86DC-B33C8C185091}.Release|x64.Build.0 = Release|x64
		{4D2CF6C0-73B7-4304-934E-9FF9024DE343}.Debug|x64.ActiveCfg = Debug|x64
		{4D2CF6C0-73B7-4304-934E-9FF9024DE343}.Debug|x64.Build.0 = Debug|x64
		{4D2CF6C0-73B7-4304-934E-9FF9024DE343}.Release|x64.ActiveCfg = Release|x64
		{4D2CF6C0-73B7-4304-934E-9FF9024DE343}.Release|x64.Build.0 = Release|x64
		{7B7579B2-E5A1-48D7-839E-4E28C3967990}.Debug|x64.ActiveCfg = Debug|x64
		{7B7579B2-E5A1-48D7-839E-4E28C3967990}.Debug|x64.Build.0 = Debug|x64
		{7B7579B2-E5A1-48D7-839E-4E28C3967990}.Release|x64.ActiveCfg = Release|x64
		{7B7579B2-E5A1-48D7-839E-4E28C3967990}.Release|x64.Build.0 = Release|x64
		{126E73E3-B93C-4EE5-98D5-6A0A2A132AD4}.Debug|x64.ActiveCfg = Debug|x64
		{126E73E3-B93C-4EE5-98D5-6A0A2A132AD4}.Debug|x64.Build.0 = Debug|x64
		{126E73E3-B93C-4EE5-98D5-6A0A2A132AD4}.Release|x64.ActiveCfg = Release|x64
		{126E73E3-B93C-4EE5-98D5-6A0A2A132AD4}.Release|x64.Build.0 = Release|x64
		{0D72242D-C42E-4E86-9ED0-040FDF4D3591}.Debug|x64.ActiveCfg = Debug|x64
		{0D72242D-C42E-4E86-9ED0-040FDF4D3591}.Debug|x64.Build.0 = Debug|x64
		{0D72242D-C42E-4E86-9ED0-040FDF4D3591}.Release|x64.ActiveCfg = Release|x64
		{0D72242D-C42E-4E86-9ED0-040FDF4D3591}.Release|x64.Build.0 = Release|x64
		{A2AA345E-C476-4F68-93FA-3C1896694EAF}.Debug|x64.ActiveCfg = Debug|x64
		{A2AA345E-C476-4F68-93FA-3C1896694EAF}.Debug|x64.Build.0 = Debug|x64
		{A2AA345E-C476-4F68-93FA-3C1896694EAF}.Release|x64.ActiveCfg = Release|x64
		{A2AA345E-C476-4F68-93FA-3C1896694EAF}.Release|x64.Build.0 = Release|x64
		{8512BCED-E5A5-471A-9C80-B0A5D1A27B84}.Debug|x64.ActiveCfg = Debug|x64
		{8512BCED-E5A5-471A-9C80-B0A5D1A27B84}.Debug|x64.Build.0 = Debug|x64
		{8512BCED-E5A5-471A-9C80-B0A5D1A27B84}.Release|x64.ActiveCfg = Release|x64
		{8512BCED-E5A5-471A-9C80-B0A5D1A27B84}.Release|x64.Build.0 = Release|x64
		{F8F4C4A2-671E-4D6C-A379-2AFB1BA33651}.Debug|x64.ActiveCfg = Debug|x64
		{F8F4C4A2-671E-4D6C-A379-2AFB1BA33651}.Debug|x64.Build.0 = Debug|x64
		{F8F4C4A2-671E-4D6C-A379-2AFB1BA33651}.Release|x64.ActiveCfg = Release|x64
		{F8F4C4A2-671E-4D6C-A379-2AFB1BA33651}.Release|x64.Build.0 = Release|x64
		{3F274302-4DA6-4653-BEA7-D8A4B0284FA4}.Debug|x64.ActiveCfg = Debug|x64
		{3F274302-4DA6-4653-BEA7-D8A4B0284FA4}.Debug|x64.Build.0 = Debug|x64
		{3F274302-4DA6-4653-BEA7-D8A4B0284FA4}.Release|x64.ActiveCfg = Release|x64
		{3F274302-4DA6-4653-BEA7-D8A4B0284FA4}.Release|x64.Build.0 = Release|x64
		{ADD8FADA-5478-4425-904E-BEF51FAFFA77}.Debug|x64.ActiveCfg = Debug|x64
		{ADD8FADA-5478-4425-904E-BEF51FAFFA77}.Debug|x64.Build.0 = Debug|x64
		{ADD8FADA-5478-4425-904E-BEF51FAFFA77}.Release|x64.ActiveCfg = Release|x64
		{ADD8FADA-5478-4425-904E-BEF51FAFFA77}.Release|x64.Build.0 = Release|x64
	EndGlobalSection
	GlobalSection(SolutionProperties) = preSolution
		HideSolutionNode = FALSE
	EndGlobalSection
	GlobalSection(ExtensibilityGlobals) = postSolution
		SolutionGuid = {1720D5F1-846E-4A02-8300-18522555EE19}
	EndGlobalSection
EndGlobal
